
Microsoft Visual Studio Solution File, Format Version 12.00
# Visual Studio Version 16
VisualStudioVersion = 16.0.31112.23
MinimumVisualStudioVersion = 10.0.40219.1
Project("{FAE04EC0-301F-11D3-BF4B-00C04F79EFBC}") = "ExemploFunction", "ExemploFunction\ExemploFunction.csproj", "{7309E75D-524A-4A9B-9914-C31701B182B4}"
EndProject
Global
	GlobalSection(SolutionConfigurationPlatforms) = preSolution
		Debug|Any CPU = Debug|Any CPU
		Release|Any CPU = Release|Any CPU
	EndGlobalSection
	GlobalSection(ProjectConfigurationPlatforms) = postSolution
		{7309E75D-524A-4A9B-9914-C31701B182B4}.Debug|Any CPU.ActiveCfg = Debug|Any CPU
		{7309E75D-524A-4A9B-9914-C31701B182B4}.Debug|Any CPU.Build.0 = Debug|Any CPU
		{7309E75D-524A-4A9B-9914-C31701B182B4}.Release|Any CPU.ActiveCfg = Release|Any CPU
		{7309E75D-524A-4A9B-9914-C31701B182B4}.Release|Any CPU.Build.0 = Release|Any CPU
	EndGlobalSection
	GlobalSection(SolutionProperties) = preSolution
		HideSolutionNode = FALSE
	EndGlobalSection
	GlobalSection(ExtensibilityGlobals) = postSolution
		SolutionGuid = {825804D9-398B-46B5-B74D-991954784528}
	EndGlobalSection
EndGlobal
