
Microsoft Visual Studio Solution File, Format Version 12.00
# Visual Studio Version 16
VisualStudioVersion = 16.0.31112.23
MinimumVisualStudioVersion = 10.0.40219.1
Project("{FAE04EC0-301F-11D3-BF4B-00C04F79EFBC}") = "Leitura", "Leitura\Leitura.csproj", "{014CF109-1A7E-4520-BA13-8B80DDA1AFAA}"
EndProject
Global
	GlobalSection(SolutionConfigurationPlatforms) = preSolution
		Debug|Any CPU = Debug|Any CPU
		Release|Any CPU = Release|Any CPU
	EndGlobalSection
	GlobalSection(ProjectConfigurationPlatforms) = postSolution
		{014CF109-1A7E-4520-BA13-8B80DDA1AFAA}.Debug|Any CPU.ActiveCfg = Debug|Any CPU
		{014CF109-1A7E-4520-BA13-8B80DDA1AFAA}.Debug|Any CPU.Build.0 = Debug|Any CPU
		{014CF109-1A7E-4520-BA13-8B80DDA1AFAA}.Release|Any CPU.ActiveCfg = Release|Any CPU
		{014CF109-1A7E-4520-BA13-8B80DDA1AFAA}.Release|Any CPU.Build.0 = Release|Any CPU
	EndGlobalSection
	GlobalSection(SolutionProperties) = preSolution
		HideSolutionNode = FALSE
	EndGlobalSection
	GlobalSection(ExtensibilityGlobals) = postSolution
		SolutionGuid = {4BA7D8CC-589C-49D7-BB3B-CA8111633A25}
	EndGlobalSection
EndGlobal
