
Microsoft Visual Studio Solution File, Format Version 12.00
# Visual Studio Version 16
VisualStudioVersion = 16.0.31205.134
MinimumVisualStudioVersion = 10.0.40219.1
Project("{FAE04EC0-301F-11D3-BF4B-00C04F79EFBC}") = "UpcastingAndDowncasting", "UpcastingAndDowncasting\UpcastingAndDowncasting.csproj", "{F1A89712-34B0-497D-9FF9-29CDAE3242D5}"
EndProject
Global
	GlobalSection(SolutionConfigurationPlatforms) = preSolution
		Debug|Any CPU = Debug|Any CPU
		Release|Any CPU = Release|Any CPU
	EndGlobalSection
	GlobalSection(ProjectConfigurationPlatforms) = postSolution
		{F1A89712-34B0-497D-9FF9-29CDAE3242D5}.Debug|Any CPU.ActiveCfg = Debug|Any CPU
		{F1A89712-34B0-497D-9FF9-29CDAE3242D5}.Debug|Any CPU.Build.0 = Debug|Any CPU
		{F1A89712-34B0-497D-9FF9-29CDAE3242D5}.Release|Any CPU.ActiveCfg = Release|Any CPU
		{F1A89712-34B0-497D-9FF9-29CDAE3242D5}.Release|Any CPU.Build.0 = Release|Any CPU
	EndGlobalSection
	GlobalSection(SolutionProperties) = preSolution
		HideSolutionNode = FALSE
	EndGlobalSection
	GlobalSection(ExtensibilityGlobals) = postSolution
		SolutionGuid = {0DDFFF5D-78E6-4C49-AD11-1CCE4B9F43D8}
	EndGlobalSection
EndGlobal
