
Microsoft Visual Studio Solution File, Format Version 12.00
# Visual Studio Version 16
VisualStudioVersion = 16.0.31129.286
MinimumVisualStudioVersion = 10.0.40219.1
Project("{FAE04EC0-301F-11D3-BF4B-00C04F79EFBC}") = "ExerFIxList", "ExerFIxList\ExerFIxList.csproj", "{7273761F-3A80-4979-BD5F-FE329AAA4C0E}"
EndProject
Global
	GlobalSection(SolutionConfigurationPlatforms) = preSolution
		Debug|Any CPU = Debug|Any CPU
		Release|Any CPU = Release|Any CPU
	EndGlobalSection
	GlobalSection(ProjectConfigurationPlatforms) = postSolution
		{7273761F-3A80-4979-BD5F-FE329AAA4C0E}.Debug|Any CPU.ActiveCfg = Debug|Any CPU
		{7273761F-3A80-4979-BD5F-FE329AAA4C0E}.Debug|Any CPU.Build.0 = Debug|Any CPU
		{7273761F-3A80-4979-BD5F-FE329AAA4C0E}.Release|Any CPU.ActiveCfg = Release|Any CPU
		{7273761F-3A80-4979-BD5F-FE329AAA4C0E}.Release|Any CPU.Build.0 = Release|Any CPU
	EndGlobalSection
	GlobalSection(SolutionProperties) = preSolution
		HideSolutionNode = FALSE
	EndGlobalSection
	GlobalSection(ExtensibilityGlobals) = postSolution
		SolutionGuid = {C2DF0430-3DAD-46E0-B375-EAEED98A86C0}
	EndGlobalSection
EndGlobal
